
Microsoft Visual Studio Solution File, Format Version 12.00
# Visual Studio Version 17
VisualStudioVersion = 17.6.33815.320
MinimumVisualStudioVersion = 10.0.40219.1
Project("{FAE04EC0-301F-11D3-BF4B-00C04F79EFBC}") = "SimpleProductCRUD.API.SemCopilot", "SimpleProductCRUD.API.SemCopilot\SimpleProductCRUD.API.SemCopilot.csproj", "{7BB58DAE-4156-4617-B9FF-EA4123A40E3A}"
EndProject
Global
	GlobalSection(SolutionConfigurationPlatforms) = preSolution
		Debug|Any CPU = Debug|Any CPU
		Release|Any CPU = Release|Any CPU
	EndGlobalSection
	GlobalSection(ProjectConfigurationPlatforms) = postSolution
		{7BB58DAE-4156-4617-B9FF-EA4123A40E3A}.Debug|Any CPU.ActiveCfg = Debug|Any CPU
		{7BB58DAE-4156-4617-B9FF-EA4123A40E3A}.Debug|Any CPU.Build.0 = Debug|Any CPU
		{7BB58DAE-4156-4617-B9FF-EA4123A40E3A}.Release|Any CPU.ActiveCfg = Release|Any CPU
		{7BB58DAE-4156-4617-B9FF-EA4123A40E3A}.Release|Any CPU.Build.0 = Release|Any CPU
	EndGlobalSection
	GlobalSection(SolutionProperties) = preSolution
		HideSolutionNode = FALSE
	EndGlobalSection
	GlobalSection(ExtensibilityGlobals) = postSolution
		SolutionGuid = {7B55D20B-7D33-47A7-98A8-FE8A939094C4}
	EndGlobalSection
EndGlobal
